// !$*UTF8*$!
{
	archiveVersion = 1;
	classes = {
	};
	objectVersion = 46;
	objects = {

/* Begin PBXBuildFile section */
		00A0D1E849F5341E55C90575 /* island-lagoon-resort.jpg in Resources */ = {isa = PBXBuildFile; fileRef = DA3E9E1215877AADC9735FA2 /* island-lagoon-resort.jpg */; };
		00B389DFF2144CF8382ACE2D /* hotels.json in Resources */ = {isa = PBXBuildFile; fileRef = C4BAB4C50B5AB86A73847A09 /* hotels.json */; };
		0389D8072D60D1E542A6E051 /* MeiroFCMMessage.swift in Sources */ = {isa = PBXBuildFile; fileRef = 57A92BE80A611BE81757AC3E /* MeiroFCMMessage.swift */; };
		04F717D83ADBDCBDE5CBE831 /* MeiroNotificationsImpl.swift in Sources */ = {isa = PBXBuildFile; fileRef = 005374D7859BE2ED427E618D /* MeiroNotificationsImpl.swift */; };
		0DFFCD9DFF6F277759B1E6CA /* SessionManager.swift in Sources */ = {isa = PBXBuildFile; fileRef = D3B1213B0FC9A414616D6BA4 /* SessionManager.swift */; };
		0E409736B9B119D311261BA8 /* TimeInterval+Shortcuts.swift in Sources */ = {isa = PBXBuildFile; fileRef = 46304BDAC23A0797F03B0596 /* TimeInterval+Shortcuts.swift */; };
		1154F3755B6039E49E64BF6B /* SyncManager.swift in Sources */ = {isa = PBXBuildFile; fileRef = 87BB036CC18BCFCC9926F2A7 /* SyncManager.swift */; };
		192930C0A00BB78359AE40CF /* Configuration.swift in Sources */ = {isa = PBXBuildFile; fileRef = 4993704D4E61AB89F41894EF /* Configuration.swift */; };
		1A5DA4843DAC3C0B6B4CE4E3 /* InAppMessagingStore.swift in Sources */ = {isa = PBXBuildFile; fileRef = F0F335FF4574200476FE3ACE /* InAppMessagingStore.swift */; };
		1DA2E5BF9CB7B313E646CE1C /* MeiroLogger.swift in Sources */ = {isa = PBXBuildFile; fileRef = 184AE3CBBBDCE4B2A4CFF050 /* MeiroLogger.swift */; };
		21E515F2DFD32B86687B5D16 /* MeiroAudience.swift in Sources */ = {isa = PBXBuildFile; fileRef = 552B857CA7240F3EDD066711 /* MeiroAudience.swift */; };
		27682851A0DD5A5D79C56CA2 /* MeiroEventsAPI.swift in Sources */ = {isa = PBXBuildFile; fileRef = 6B78411F4C16EE2AA5B88910 /* MeiroEventsAPI.swift */; };
		2C7171FEAA0C9F1BC29F516B /* URLOpener.swift in Sources */ = {isa = PBXBuildFile; fileRef = 7BF49E85836523FB6DE77002 /* URLOpener.swift */; };
		2D4E5DC1867C4A2993CC1D18 /* SyncWorker.swift in Sources */ = {isa = PBXBuildFile; fileRef = 108BD461D56D0E793190F60C /* SyncWorker.swift */; };
		2F57A6AF89154C9644296835 /* PushNotificationsConfiguration.swift in Sources */ = {isa = PBXBuildFile; fileRef = 35F19CA6D1A017BB310F0DB7 /* PushNotificationsConfiguration.swift */; };
		317D78995324135E87DEA175 /* PayloadFileName.swift in Sources */ = {isa = PBXBuildFile; fileRef = BE4D8BAA422A371EBBCB0F16 /* PayloadFileName.swift */; };
		356F566A519BAC6C30E54A66 /* TripViews.swift in Sources */ = {isa = PBXBuildFile; fileRef = FE2B91ECD05B13D3E15C80D0 /* TripViews.swift */; };
		38F1423C165B1F6A443A14BC /* InAppMessageStickyBanner.swift in Sources */ = {isa = PBXBuildFile; fileRef = 6BBDD6CFD37D1392B7297F98 /* InAppMessageStickyBanner.swift */; };
		38F6500B91F99B6217160268 /* MeiroSDK.swift in Sources */ = {isa = PBXBuildFile; fileRef = 0A7542952858606200DD7209 /* MeiroSDK.swift */; };
		4714CF43329A3DA58B82B0BA /* EventMapping.swift in Sources */ = {isa = PBXBuildFile; fileRef = 071D8BD1D6125048BF60EC7C /* EventMapping.swift */; };
		49C065FF2F8C9AB792539214 /* Views.swift in Sources */ = {isa = PBXBuildFile; fileRef = A337DF4726B9A70E47996BDF /* Views.swift */; };
		4A6736860F4BFF3231E0E5F5 /* Swizzling.swift in Sources */ = {isa = PBXBuildFile; fileRef = 1131D473568582D6BE41F47F /* Swizzling.swift */; };
		4AD10651829E7CC25D37892D /* MeiroAudienceImpl.swift in Sources */ = {isa = PBXBuildFile; fileRef = 099573971ED90D4054FF7805 /* MeiroAudienceImpl.swift */; };
		4B334DC91CA17EABD1D66C6B /* MeiroInAppMessaging.swift in Sources */ = {isa = PBXBuildFile; fileRef = A9B260B6389EBD65553C73C1 /* MeiroInAppMessaging.swift */; };
		50B85361A68157A5F8CAEAF6 /* EventSyncOperation.swift in Sources */ = {isa = PBXBuildFile; fileRef = 2D4D72B4180F4B51EF597305 /* EventSyncOperation.swift */; };
		55A49A5E5C447CA0D3B502C4 /* InAppMessageHTMLView.swift in Sources */ = {isa = PBXBuildFile; fileRef = EB81C87004B86FC34888FA5B /* InAppMessageHTMLView.swift */; };
		5704F6C9B003FB80F5F13BF8 /* Meiro.framework in Frameworks */ = {isa = PBXBuildFile; fileRef = 3312D9852AA469AC786FEB58 /* Meiro.framework */; };
		5A81908C2D94C9F55062F834 /* DispatchQueue+Meiro.swift in Sources */ = {isa = PBXBuildFile; fileRef = E588EAA4D3B893CE89F3CD84 /* DispatchQueue+Meiro.swift */; };
		5B613109F035DB3791EE931D /* Formatters.swift in Sources */ = {isa = PBXBuildFile; fileRef = ED137363BC5F129EFE8F290B /* Formatters.swift */; };
		60AF4CA45AC02D6ACE78393A /* QueueProvider.swift in Sources */ = {isa = PBXBuildFile; fileRef = 4A4D1519FD4226BB01BAD463 /* QueueProvider.swift */; };
		61647BE3B611CEF04D0C81DC /* APIEvent.swift in Sources */ = {isa = PBXBuildFile; fileRef = 101A546F958C2497044ED24C /* APIEvent.swift */; };
		6D65AFB5D89D8B7C8BE18B06 /* InAppMessageModal.swift in Sources */ = {isa = PBXBuildFile; fileRef = C991CC19F91A71D3885AD8CF /* InAppMessageModal.swift */; };
		762C4AA5F3F2DC29810C268D /* sentido-fido-punta-del-mar.jpg in Resources */ = {isa = PBXBuildFile; fileRef = 15400949C09652043E5F0092 /* sentido-fido-punta-del-mar.jpg */; };
		7DF5E8239033155420E08FEF /* MeiroNotificationServiceExtension.swift in Sources */ = {isa = PBXBuildFile; fileRef = 85D54B6029DBBBD39016E6C7 /* MeiroNotificationServiceExtension.swift */; };
		87BF11312A654A2EA6768E72 /* Foundation.framework in Frameworks */ = {isa = PBXBuildFile; fileRef = 0167123BC5C1C966B472C172 /* Foundation.framework */; };
		899BD60118273636A9FAD611 /* ConnectionMonitor.swift in Sources */ = {isa = PBXBuildFile; fileRef = 58E5631BA25FAC66A804DDE2 /* ConnectionMonitor.swift */; };
		8B534E561BEC78FEECC60CFE /* MeiroNotificationsOff.swift in Sources */ = {isa = PBXBuildFile; fileRef = 5306D33A3B8C4773AB92AD40 /* MeiroNotificationsOff.swift */; };
		8F12A9C145DA1A7079D84882 /* Meiro.framework in Embed Frameworks */ = {isa = PBXBuildFile; fileRef = 3312D9852AA469AC786FEB58 /* Meiro.framework */; settings = {ATTRIBUTES = (CodeSignOnCopy, RemoveHeadersOnCopy, ); }; };
		930E912E35DA13C02E4AB619 /* DefaultMeiroLogger.swift in Sources */ = {isa = PBXBuildFile; fileRef = 0EE3C2DE829CE774D033B133 /* DefaultMeiroLogger.swift */; };
		9487DB201FA1E99293B68836 /* Foundation.framework in Frameworks */ = {isa = PBXBuildFile; fileRef = 0167123BC5C1C966B472C172 /* Foundation.framework */; };
		99201E96D94D80F9F4D16629 /* NSManagedObjectContextExtensions.swift in Sources */ = {isa = PBXBuildFile; fileRef = 6ED06DF92B6E97EDA94A1ABD /* NSManagedObjectContextExtensions.swift */; };
		9B5B9B7CEE2A26F0F04D092D /* InAppMessagingClient.swift in Sources */ = {isa = PBXBuildFile; fileRef = 0623C8973DC57FEA505BC881 /* InAppMessagingClient.swift */; };
		A291107CE03A21743611A11F /* AppStore.swift in Sources */ = {isa = PBXBuildFile; fileRef = 97BA0D3F4E71419DB1BBEEF0 /* AppStore.swift */; };
		A3249CF83B4C43DEBA7E6C71 /* MeiroEventsImpl.swift in Sources */ = {isa = PBXBuildFile; fileRef = 49382C750DC2BF66F2D82967 /* MeiroEventsImpl.swift */; };
		A86087BF8396C64687526660 /* MeiroInAppMessageView.swift in Sources */ = {isa = PBXBuildFile; fileRef = 21DBD2DE2B06AC028903CDE5 /* MeiroInAppMessageView.swift */; };
		AA296E1C029CC62DD11E9040 /* Assets.xcassets in Resources */ = {isa = PBXBuildFile; fileRef = BE41141993BAB744F525DA13 /* Assets.xcassets */; };
		B0131B05B4DE78FB37B84252 /* UNNotificationContent+Meiro.swift in Sources */ = {isa = PBXBuildFile; fileRef = 4234570D8B7B67F9ABAB27AD /* UNNotificationContent+Meiro.swift */; };
		B643A05D6AC6A7CFA0D4CA34 /* MeiroPreferences.swift in Sources */ = {isa = PBXBuildFile; fileRef = 9F3928F2FC10BF160244D354 /* MeiroPreferences.swift */; };
		B99A4599EA924A856E1D7B1E /* red-sea-garden-resort.jpg in Resources */ = {isa = PBXBuildFile; fileRef = D5E7D7757EEEEFDCAFC5544B /* red-sea-garden-resort.jpg */; };
		BD310AA0D0014DDFE8CDCAA1 /* MeiroClient.swift in Sources */ = {isa = PBXBuildFile; fileRef = 95998EB259E3635C2B9F9127 /* MeiroClient.swift */; };
		BD3CF461E1A0801667482AE7 /* Models.swift in Sources */ = {isa = PBXBuildFile; fileRef = 0D0F238B3C22813C94FF49E4 /* Models.swift */; };
		C0FDCA1BC790CAC74D1446F5 /* MeiroEventsDB.swift in Sources */ = {isa = PBXBuildFile; fileRef = 37388EAF1E11E98936D7D10E /* MeiroEventsDB.swift */; };
		C515EF50EA12EB15097625B7 /* AsyncOperation.swift in Sources */ = {isa = PBXBuildFile; fileRef = 34624206837180B91F8B974C /* AsyncOperation.swift */; };
		C5F2969CBA977C8BF00570FB /* MeiroEvents.swift in Sources */ = {isa = PBXBuildFile; fileRef = 9EF30D764C9E14184446CAE2 /* MeiroEvents.swift */; };
		CA0F3F12C55A4DDDE9CE49DB /* EventDAO.swift in Sources */ = {isa = PBXBuildFile; fileRef = 47FDD2FAC091010F4866D318 /* EventDAO.swift */; };
		CB75F26BEF151ED94F3473FE /* PrivacyInfo.xcprivacy in Resources */ = {isa = PBXBuildFile; fileRef = 5913765D6099B7E91021534B /* PrivacyInfo.xcprivacy */; };
		D1D2F5F0FA8F587327BD2780 /* Foundation.framework in Frameworks */ = {isa = PBXBuildFile; fileRef = 0167123BC5C1C966B472C172 /* Foundation.framework */; };
		D38EF349C34E82EAEFC79057 /* runtime.sha256 in Resources */ = {isa = PBXBuildFile; fileRef = 0A2922122D28BE67D45C2986 /* runtime.sha256 */; };
		D90F88B4980F8F0737F7B504 /* Dictionary+NonNil.swift in Sources */ = {isa = PBXBuildFile; fileRef = D084E3FF4EF2FE774FFE3F71 /* Dictionary+NonNil.swift */; };
		DA2055952CB738CDDF53A7A0 /* MeiroAudienceURLCreator.swift in Sources */ = {isa = PBXBuildFile; fileRef = DB98EE523627B0B316BF4A8E /* MeiroAudienceURLCreator.swift */; };
		DCCFD04A53E7B9C152A881AB /* bahia-suites-camp-de-mar.jpg in Resources */ = {isa = PBXBuildFile; fileRef = EFCAED764D2F47198F6D3163 /* bahia-suites-camp-de-mar.jpg */; };
		E3522D5F97E9558AA2E9A45F /* URLSession+Meiro.swift in Sources */ = {isa = PBXBuildFile; fileRef = E16A6F08A6177C62CF47AD9E /* URLSession+Meiro.swift */; };
		E7F76BB28494AD1D0C589A2B /* calimera-fido-gardens.jpg in Resources */ = {isa = PBXBuildFile; fileRef = EF075F4849C6736C5541E257 /* calimera-fido-gardens.jpg */; };
		E894299BEDCAF6ABDED61680 /* MeiroNotifications.swift in Sources */ = {isa = PBXBuildFile; fileRef = AFF674DD29761651DC5F8068 /* MeiroNotifications.swift */; };
		E954C23D244AAE2E9D744E4F /* Event.swift in Sources */ = {isa = PBXBuildFile; fileRef = D91420D44006C144219B11C2 /* Event.swift */; };
		E95CE696D4CC8942C871EE7E /* SwiftUI+Meiro.swift in Sources */ = {isa = PBXBuildFile; fileRef = 2701322A9F398278F6AEFAB3 /* SwiftUI+Meiro.swift */; };
		ED15E4AE3279CAFD223ED669 /* caribe-palm-resort.jpg in Resources */ = {isa = PBXBuildFile; fileRef = AC98BF2FAE278BD7265635B2 /* caribe-palm-resort.jpg */; };
		F34CB43C2627FE411BDFA887 /* PreferenceData.swift in Sources */ = {isa = PBXBuildFile; fileRef = CFA1A3EF37AE314CC4288783 /* PreferenceData.swift */; };
		F4495995547F7FC6FEA7E8D9 /* EventMO.swift in Sources */ = {isa = PBXBuildFile; fileRef = 77F4DC2979B250D55A39BC25 /* EventMO.swift */; };
		F76EE3644E10838FE20A5FEC /* las-gaviotas-suites.jpg in Resources */ = {isa = PBXBuildFile; fileRef = 975F72BC77F6D346B6AB320E /* las-gaviotas-suites.jpg */; };
		F7DC2CCF78FB756E5907261F /* aegean-beach-resort.jpg in Resources */ = {isa = PBXBuildFile; fileRef = 8B4474FEB250E387121E90E5 /* aegean-beach-resort.jpg */; };
		F854F939AE28E7998EDCF3A0 /* lykia-coast-resort.jpg in Resources */ = {isa = PBXBuildFile; fileRef = 2F8A72EAA26879773B4B9863 /* lykia-coast-resort.jpg */; };
		F88B50C92400DC5780698854 /* DERTOURApp.swift in Sources */ = {isa = PBXBuildFile; fileRef = 4BD80691F4ADB5629F286F0C /* DERTOURApp.swift */; };
		F8B3466BB19C181AB38A24D1 /* JourneyTests.swift in Sources */ = {isa = PBXBuildFile; fileRef = 5EA9854A3C88C41337893F62 /* JourneyTests.swift */; };
		F9A3F0184F9229E037BEDA0B /* runtime.js in Resources */ = {isa = PBXBuildFile; fileRef = 9F850698D41D2F13B3FB779D /* runtime.js */; };
		FB4CE613BE8566ECB3364C4B /* ses-fotges.jpg in Resources */ = {isa = PBXBuildFile; fileRef = 145821B51BED2A521C35E08A /* ses-fotges.jpg */; };
		FE03A00FEE475CDE53DB87AA /* InAppMessage.swift in Sources */ = {isa = PBXBuildFile; fileRef = 2190DA8A544D7E307F34583E /* InAppMessage.swift */; };
/* End PBXBuildFile section */

/* Begin PBXContainerItemProxy section */
		8DAC4DDADB9736EDED0C4FB9 /* PBXContainerItemProxy */ = {
			isa = PBXContainerItemProxy;
			containerPortal = 7F6AE2BB5E78ABE82F47D37E /* Project object */;
			proxyType = 1;
			remoteGlobalIDString = 5ED48B82D236BD935A4445C2;
			remoteInfo = DERTOURDemo;
		};
		94424493CFFD2566EA9DD81C /* PBXContainerItemProxy */ = {
			isa = PBXContainerItemProxy;
			containerPortal = 7F6AE2BB5E78ABE82F47D37E /* Project object */;
			proxyType = 1;
			remoteGlobalIDString = 824A2B12BAA6E36C2BD75C76;
			remoteInfo = Meiro;
		};
/* End PBXContainerItemProxy section */

/* Begin PBXCopyFilesBuildPhase section */
		902316F9FB8DA2D5A7228097 /* Embed Frameworks */ = {
			isa = PBXCopyFilesBuildPhase;
			buildActionMask = 2147483647;
			dstPath = "";
			dstSubfolderSpec = 10;
			files = (
				8F12A9C145DA1A7079D84882 /* Meiro.framework in Embed Frameworks */,
			);
			name = "Embed Frameworks";
			runOnlyForDeploymentPostprocessing = 0;
		};
/* End PBXCopyFilesBuildPhase section */

/* Begin PBXFileReference section */
		005374D7859BE2ED427E618D /* MeiroNotificationsImpl.swift */ = {isa = PBXFileReference; includeInIndex = 1; lastKnownFileType = sourcecode.swift; name = MeiroNotificationsImpl.swift; path = Meiro/Sources/Notifications/MeiroNotificationsImpl.swift; sourceTree = "<group>"; };
		0167123BC5C1C966B472C172 /* Foundation.framework */ = {isa = PBXFileReference; lastKnownFileType = wrapper.framework; name = Foundation.framework; path = Platforms/iPhoneOS.platform/Developer/SDKs/iPhoneOS18.0.sdk/System/Library/Frameworks/Foundation.framework; sourceTree = DEVELOPER_DIR; };
		0623C8973DC57FEA505BC881 /* InAppMessagingClient.swift */ = {isa = PBXFileReference; includeInIndex = 1; lastKnownFileType = sourcecode.swift; name = InAppMessagingClient.swift; path = Meiro/Sources/InAppMessaging/InAppMessagingClient.swift; sourceTree = "<group>"; };
		071D8BD1D6125048BF60EC7C /* EventMapping.swift */ = {isa = PBXFileReference; includeInIndex = 1; lastKnownFileType = sourcecode.swift; name = EventMapping.swift; path = Meiro/Sources/API/EventMapping.swift; sourceTree = "<group>"; };
		099573971ED90D4054FF7805 /* MeiroAudienceImpl.swift */ = {isa = PBXFileReference; includeInIndex = 1; lastKnownFileType = sourcecode.swift; name = MeiroAudienceImpl.swift; path = Meiro/Sources/Audience/MeiroAudienceImpl.swift; sourceTree = "<group>"; };
		0A2922122D28BE67D45C2986 /* runtime.sha256 */ = {isa = PBXFileReference; includeInIndex = 1; name = runtime.sha256; path = Meiro/Resources/InAppMessaging/runtime.sha256; sourceTree = "<group>"; };
		0A7542952858606200DD7209 /* MeiroSDK.swift */ = {isa = PBXFileReference; includeInIndex = 1; lastKnownFileType = sourcecode.swift; name = MeiroSDK.swift; path = Meiro/Sources/MeiroSDK.swift; sourceTree = "<group>"; };
		0D0F238B3C22813C94FF49E4 /* Models.swift */ = {isa = PBXFileReference; includeInIndex = 1; lastKnownFileType = sourcecode.swift; path = Models.swift; sourceTree = "<group>"; };
		0EE3C2DE829CE774D033B133 /* DefaultMeiroLogger.swift */ = {isa = PBXFileReference; includeInIndex = 1; lastKnownFileType = sourcecode.swift; name = DefaultMeiroLogger.swift; path = Meiro/Sources/DefaultMeiroLogger.swift; sourceTree = "<group>"; };
		101A546F958C2497044ED24C /* APIEvent.swift */ = {isa = PBXFileReference; includeInIndex = 1; lastKnownFileType = sourcecode.swift; name = APIEvent.swift; path = Meiro/Sources/API/APIEvent.swift; sourceTree = "<group>"; };
		108BD461D56D0E793190F60C /* SyncWorker.swift */ = {isa = PBXFileReference; includeInIndex = 1; lastKnownFileType = sourcecode.swift; name = SyncWorker.swift; path = Meiro/Sources/Offline/SyncWorker.swift; sourceTree = "<group>"; };
		1131D473568582D6BE41F47F /* Swizzling.swift */ = {isa = PBXFileReference; includeInIndex = 1; lastKnownFileType = sourcecode.swift; name = Swizzling.swift; path = Meiro/Sources/Extensions/Swizzling.swift; sourceTree = "<group>"; };
		145821B51BED2A521C35E08A /* ses-fotges.jpg */ = {isa = PBXFileReference; includeInIndex = 1; path = "ses-fotges.jpg"; sourceTree = "<group>"; };
		15400949C09652043E5F0092 /* sentido-fido-punta-del-mar.jpg */ = {isa = PBXFileReference; includeInIndex = 1; path = "sentido-fido-punta-del-mar.jpg"; sourceTree = "<group>"; };
		184AE3CBBBDCE4B2A4CFF050 /* MeiroLogger.swift */ = {isa = PBXFileReference; includeInIndex = 1; lastKnownFileType = sourcecode.swift; name = MeiroLogger.swift; path = Meiro/Sources/Protocols/MeiroLogger.swift; sourceTree = "<group>"; };
		2190DA8A544D7E307F34583E /* InAppMessage.swift */ = {isa = PBXFileReference; includeInIndex = 1; lastKnownFileType = sourcecode.swift; name = InAppMessage.swift; path = Meiro/Sources/InAppMessaging/InAppMessage.swift; sourceTree = "<group>"; };
		21DBD2DE2B06AC028903CDE5 /* MeiroInAppMessageView.swift */ = {isa = PBXFileReference; includeInIndex = 1; lastKnownFileType = sourcecode.swift; name = MeiroInAppMessageView.swift; path = Meiro/Sources/InAppMessaging/MeiroInAppMessageView.swift; sourceTree = "<group>"; };
		2701322A9F398278F6AEFAB3 /* SwiftUI+Meiro.swift */ = {isa = PBXFileReference; includeInIndex = 1; lastKnownFileType = sourcecode.swift; name = "SwiftUI+Meiro.swift"; path = "Meiro/Sources/SwiftUI+Meiro.swift"; sourceTree = "<group>"; };
		2C6D0F12E607ACDFE987A806 /* DERTOURDemo.app */ = {isa = PBXFileReference; explicitFileType = wrapper.application; includeInIndex = 0; path = DERTOURDemo.app; sourceTree = BUILT_PRODUCTS_DIR; };
		2D4D72B4180F4B51EF597305 /* EventSyncOperation.swift */ = {isa = PBXFileReference; includeInIndex = 1; lastKnownFileType = sourcecode.swift; name = EventSyncOperation.swift; path = Meiro/Sources/Offline/EventSyncOperation.swift; sourceTree = "<group>"; };
		2F8A72EAA26879773B4B9863 /* lykia-coast-resort.jpg */ = {isa = PBXFileReference; includeInIndex = 1; path = "lykia-coast-resort.jpg"; sourceTree = "<group>"; };
		3312D9852AA469AC786FEB58 /* Meiro.framework */ = {isa = PBXFileReference; explicitFileType = wrapper.framework; includeInIndex = 0; path = Meiro.framework; sourceTree = BUILT_PRODUCTS_DIR; };
		34624206837180B91F8B974C /* AsyncOperation.swift */ = {isa = PBXFileReference; includeInIndex = 1; lastKnownFileType = sourcecode.swift; name = AsyncOperation.swift; path = Meiro/Sources/Offline/AsyncOperation.swift; sourceTree = "<group>"; };
		35F19CA6D1A017BB310F0DB7 /* PushNotificationsConfiguration.swift */ = {isa = PBXFileReference; includeInIndex = 1; lastKnownFileType = sourcecode.swift; name = PushNotificationsConfiguration.swift; path = Meiro/Sources/Notifications/PushNotificationsConfiguration.swift; sourceTree = "<group>"; };
		37388EAF1E11E98936D7D10E /* MeiroEventsDB.swift */ = {isa = PBXFileReference; includeInIndex = 1; lastKnownFileType = sourcecode.swift; name = MeiroEventsDB.swift; path = Meiro/Sources/Offline/MeiroEventsDB.swift; sourceTree = "<group>"; };
		4234570D8B7B67F9ABAB27AD /* UNNotificationContent+Meiro.swift */ = {isa = PBXFileReference; includeInIndex = 1; lastKnownFileType = sourcecode.swift; name = "UNNotificationContent+Meiro.swift"; path = "Meiro/Sources/Notifications/UNNotificationContent+Meiro.swift"; sourceTree = "<group>"; };
		46304BDAC23A0797F03B0596 /* TimeInterval+Shortcuts.swift */ = {isa = PBXFileReference; includeInIndex = 1; lastKnownFileType = sourcecode.swift; name = "TimeInterval+Shortcuts.swift"; path = "Meiro/Sources/Extensions/TimeInterval+Shortcuts.swift"; sourceTree = "<group>"; };
		47FDD2FAC091010F4866D318 /* EventDAO.swift */ = {isa = PBXFileReference; includeInIndex = 1; lastKnownFileType = sourcecode.swift; name = EventDAO.swift; path = Meiro/Sources/Offline/EventDAO.swift; sourceTree = "<group>"; };
		49382C750DC2BF66F2D82967 /* MeiroEventsImpl.swift */ = {isa = PBXFileReference; includeInIndex = 1; lastKnownFileType = sourcecode.swift; name = MeiroEventsImpl.swift; path = Meiro/Sources/MeiroEventsImpl.swift; sourceTree = "<group>"; };
		4993704D4E61AB89F41894EF /* Configuration.swift */ = {isa = PBXFileReference; includeInIndex = 1; lastKnownFileType = sourcecode.swift; name = Configuration.swift; path = Meiro/Sources/Configuration.swift; sourceTree = "<group>"; };
		4A4D1519FD4226BB01BAD463 /* QueueProvider.swift */ = {isa = PBXFileReference; includeInIndex = 1; lastKnownFileType = sourcecode.swift; name = QueueProvider.swift; path = Meiro/Sources/QueueProvider.swift; sourceTree = "<group>"; };
		4BD80691F4ADB5629F286F0C /* DERTOURApp.swift */ = {isa = PBXFileReference; includeInIndex = 1; lastKnownFileType = sourcecode.swift; path = DERTOURApp.swift; sourceTree = "<group>"; };
		5306D33A3B8C4773AB92AD40 /* MeiroNotificationsOff.swift */ = {isa = PBXFileReference; includeInIndex = 1; lastKnownFileType = sourcecode.swift; name = MeiroNotificationsOff.swift; path = Meiro/Sources/Notifications/MeiroNotificationsOff.swift; sourceTree = "<group>"; };
		552B857CA7240F3EDD066711 /* MeiroAudience.swift */ = {isa = PBXFileReference; includeInIndex = 1; lastKnownFileType = sourcecode.swift; name = MeiroAudience.swift; path = Meiro/Sources/Audience/MeiroAudience.swift; sourceTree = "<group>"; };
		57A92BE80A611BE81757AC3E /* MeiroFCMMessage.swift */ = {isa = PBXFileReference; includeInIndex = 1; lastKnownFileType = sourcecode.swift; name = MeiroFCMMessage.swift; path = Meiro/Sources/Notifications/MeiroFCMMessage.swift; sourceTree = "<group>"; };
		58E5631BA25FAC66A804DDE2 /* ConnectionMonitor.swift */ = {isa = PBXFileReference; includeInIndex = 1; lastKnownFileType = sourcecode.swift; name = ConnectionMonitor.swift; path = Meiro/Sources/Offline/ConnectionMonitor.swift; sourceTree = "<group>"; };
		5913765D6099B7E91021534B /* PrivacyInfo.xcprivacy */ = {isa = PBXFileReference; includeInIndex = 1; name = PrivacyInfo.xcprivacy; path = Meiro/Resources/PrivacyInfo.xcprivacy; sourceTree = "<group>"; };
		5EA9854A3C88C41337893F62 /* JourneyTests.swift */ = {isa = PBXFileReference; includeInIndex = 1; lastKnownFileType = sourcecode.swift; path = JourneyTests.swift; sourceTree = "<group>"; };
		6B78411F4C16EE2AA5B88910 /* MeiroEventsAPI.swift */ = {isa = PBXFileReference; includeInIndex = 1; lastKnownFileType = sourcecode.swift; name = MeiroEventsAPI.swift; path = Meiro/Sources/API/MeiroEventsAPI.swift; sourceTree = "<group>"; };
		6BBDD6CFD37D1392B7297F98 /* InAppMessageStickyBanner.swift */ = {isa = PBXFileReference; includeInIndex = 1; lastKnownFileType = sourcecode.swift; name = InAppMessageStickyBanner.swift; path = Meiro/Sources/InAppMessaging/InAppMessageStickyBanner.swift; sourceTree = "<group>"; };
		6ED06DF92B6E97EDA94A1ABD /* NSManagedObjectContextExtensions.swift */ = {isa = PBXFileReference; includeInIndex = 1; lastKnownFileType = sourcecode.swift; name = NSManagedObjectContextExtensions.swift; path = Meiro/Sources/Extensions/NSManagedObjectContextExtensions.swift; sourceTree = "<group>"; };
		77F4DC2979B250D55A39BC25 /* EventMO.swift */ = {isa = PBXFileReference; includeInIndex = 1; lastKnownFileType = sourcecode.swift; name = EventMO.swift; path = Meiro/Sources/Offline/EventMO.swift; sourceTree = "<group>"; };
		7BF49E85836523FB6DE77002 /* URLOpener.swift */ = {isa = PBXFileReference; includeInIndex = 1; lastKnownFileType = sourcecode.swift; name = URLOpener.swift; path = Meiro/Sources/URLOpener.swift; sourceTree = "<group>"; };
		85D54B6029DBBBD39016E6C7 /* MeiroNotificationServiceExtension.swift */ = {isa = PBXFileReference; includeInIndex = 1; lastKnownFileType = sourcecode.swift; name = MeiroNotificationServiceExtension.swift; path = Meiro/Sources/Notifications/MeiroNotificationServiceExtension.swift; sourceTree = "<group>"; };
		87BB036CC18BCFCC9926F2A7 /* SyncManager.swift */ = {isa = PBXFileReference; includeInIndex = 1; lastKnownFileType = sourcecode.swift; name = SyncManager.swift; path = Meiro/Sources/Offline/SyncManager.swift; sourceTree = "<group>"; };
		8B4474FEB250E387121E90E5 /* aegean-beach-resort.jpg */ = {isa = PBXFileReference; includeInIndex = 1; path = "aegean-beach-resort.jpg"; sourceTree = "<group>"; };
		95998EB259E3635C2B9F9127 /* MeiroClient.swift */ = {isa = PBXFileReference; includeInIndex = 1; lastKnownFileType = sourcecode.swift; path = MeiroClient.swift; sourceTree = "<group>"; };
		975F72BC77F6D346B6AB320E /* las-gaviotas-suites.jpg */ = {isa = PBXFileReference; includeInIndex = 1; path = "las-gaviotas-suites.jpg"; sourceTree = "<group>"; };
		97BA0D3F4E71419DB1BBEEF0 /* AppStore.swift */ = {isa = PBXFileReference; includeInIndex = 1; lastKnownFileType = sourcecode.swift; path = AppStore.swift; sourceTree = "<group>"; };
		9EF30D764C9E14184446CAE2 /* MeiroEvents.swift */ = {isa = PBXFileReference; includeInIndex = 1; lastKnownFileType = sourcecode.swift; name = MeiroEvents.swift; path = Meiro/Sources/Protocols/MeiroEvents.swift; sourceTree = "<group>"; };
		9F3928F2FC10BF160244D354 /* MeiroPreferences.swift */ = {isa = PBXFileReference; includeInIndex = 1; lastKnownFileType = sourcecode.swift; name = MeiroPreferences.swift; path = Meiro/Sources/Preferences/MeiroPreferences.swift; sourceTree = "<group>"; };
		9F850698D41D2F13B3FB779D /* runtime.js */ = {isa = PBXFileReference; includeInIndex = 1; name = runtime.js; path = Meiro/Resources/InAppMessaging/runtime.js; sourceTree = "<group>"; };
		A337DF4726B9A70E47996BDF /* Views.swift */ = {isa = PBXFileReference; includeInIndex = 1; lastKnownFileType = sourcecode.swift; path = Views.swift; sourceTree = "<group>"; };
		A9B260B6389EBD65553C73C1 /* MeiroInAppMessaging.swift */ = {isa = PBXFileReference; includeInIndex = 1; lastKnownFileType = sourcecode.swift; name = MeiroInAppMessaging.swift; path = Meiro/Sources/InAppMessaging/MeiroInAppMessaging.swift; sourceTree = "<group>"; };
		AC98BF2FAE278BD7265635B2 /* caribe-palm-resort.jpg */ = {isa = PBXFileReference; includeInIndex = 1; path = "caribe-palm-resort.jpg"; sourceTree = "<group>"; };
		AFF674DD29761651DC5F8068 /* MeiroNotifications.swift */ = {isa = PBXFileReference; includeInIndex = 1; lastKnownFileType = sourcecode.swift; name = MeiroNotifications.swift; path = Meiro/Sources/Protocols/MeiroNotifications.swift; sourceTree = "<group>"; };
		BE41141993BAB744F525DA13 /* Assets.xcassets */ = {isa = PBXFileReference; includeInIndex = 1; lastKnownFileType = folder.assetcatalog; path = Assets.xcassets; sourceTree = "<group>"; };
		BE4D8BAA422A371EBBCB0F16 /* PayloadFileName.swift */ = {isa = PBXFileReference; includeInIndex = 1; lastKnownFileType = sourcecode.swift; name = PayloadFileName.swift; path = Meiro/Sources/Model/PayloadFileName.swift; sourceTree = "<group>"; };
		C4BAB4C50B5AB86A73847A09 /* hotels.json */ = {isa = PBXFileReference; includeInIndex = 1; path = hotels.json; sourceTree = "<group>"; };
		C5404495D33B9B2D61C6DF4B /* DERTOURDemoUITests.xctest */ = {isa = PBXFileReference; explicitFileType = wrapper.cfbundle; includeInIndex = 0; path = DERTOURDemoUITests.xctest; sourceTree = BUILT_PRODUCTS_DIR; };
		C991CC19F91A71D3885AD8CF /* InAppMessageModal.swift */ = {isa = PBXFileReference; includeInIndex = 1; lastKnownFileType = sourcecode.swift; name = InAppMessageModal.swift; path = Meiro/Sources/InAppMessaging/InAppMessageModal.swift; sourceTree = "<group>"; };
		CFA1A3EF37AE314CC4288783 /* PreferenceData.swift */ = {isa = PBXFileReference; includeInIndex = 1; lastKnownFileType = sourcecode.swift; name = PreferenceData.swift; path = Meiro/Sources/Preferences/PreferenceData.swift; sourceTree = "<group>"; };
		D084E3FF4EF2FE774FFE3F71 /* Dictionary+NonNil.swift */ = {isa = PBXFileReference; includeInIndex = 1; lastKnownFileType = sourcecode.swift; name = "Dictionary+NonNil.swift"; path = "Meiro/Sources/Extensions/Dictionary+NonNil.swift"; sourceTree = "<group>"; };
		D3B1213B0FC9A414616D6BA4 /* SessionManager.swift */ = {isa = PBXFileReference; includeInIndex = 1; lastKnownFileType = sourcecode.swift; name = SessionManager.swift; path = Meiro/Sources/SessionManager.swift; sourceTree = "<group>"; };
		D5E7D7757EEEEFDCAFC5544B /* red-sea-garden-resort.jpg */ = {isa = PBXFileReference; includeInIndex = 1; path = "red-sea-garden-resort.jpg"; sourceTree = "<group>"; };
		D91420D44006C144219B11C2 /* Event.swift */ = {isa = PBXFileReference; includeInIndex = 1; lastKnownFileType = sourcecode.swift; name = Event.swift; path = Meiro/Sources/Event.swift; sourceTree = "<group>"; };
		DA3E9E1215877AADC9735FA2 /* island-lagoon-resort.jpg */ = {isa = PBXFileReference; includeInIndex = 1; path = "island-lagoon-resort.jpg"; sourceTree = "<group>"; };
		DB98EE523627B0B316BF4A8E /* MeiroAudienceURLCreator.swift */ = {isa = PBXFileReference; includeInIndex = 1; lastKnownFileType = sourcecode.swift; name = MeiroAudienceURLCreator.swift; path = Meiro/Sources/Audience/MeiroAudienceURLCreator.swift; sourceTree = "<group>"; };
		E16A6F08A6177C62CF47AD9E /* URLSession+Meiro.swift */ = {isa = PBXFileReference; includeInIndex = 1; lastKnownFileType = sourcecode.swift; name = "URLSession+Meiro.swift"; path = "Meiro/Sources/Extensions/URLSession+Meiro.swift"; sourceTree = "<group>"; };
		E588EAA4D3B893CE89F3CD84 /* DispatchQueue+Meiro.swift */ = {isa = PBXFileReference; includeInIndex = 1; lastKnownFileType = sourcecode.swift; name = "DispatchQueue+Meiro.swift"; path = "Meiro/Sources/Extensions/DispatchQueue+Meiro.swift"; sourceTree = "<group>"; };
		EB81C87004B86FC34888FA5B /* InAppMessageHTMLView.swift */ = {isa = PBXFileReference; includeInIndex = 1; lastKnownFileType = sourcecode.swift; name = InAppMessageHTMLView.swift; path = Meiro/Sources/InAppMessaging/InAppMessageHTMLView.swift; sourceTree = "<group>"; };
		ED137363BC5F129EFE8F290B /* Formatters.swift */ = {isa = PBXFileReference; includeInIndex = 1; lastKnownFileType = sourcecode.swift; name = Formatters.swift; path = Meiro/Sources/Extensions/Formatters.swift; sourceTree = "<group>"; };
		EF075F4849C6736C5541E257 /* calimera-fido-gardens.jpg */ = {isa = PBXFileReference; includeInIndex = 1; path = "calimera-fido-gardens.jpg"; sourceTree = "<group>"; };
		EFCAED764D2F47198F6D3163 /* bahia-suites-camp-de-mar.jpg */ = {isa = PBXFileReference; includeInIndex = 1; path = "bahia-suites-camp-de-mar.jpg"; sourceTree = "<group>"; };
		F0F335FF4574200476FE3ACE /* InAppMessagingStore.swift */ = {isa = PBXFileReference; includeInIndex = 1; lastKnownFileType = sourcecode.swift; name = InAppMessagingStore.swift; path = Meiro/Sources/InAppMessaging/InAppMessagingStore.swift; sourceTree = "<group>"; };
		FE2B91ECD05B13D3E15C80D0 /* TripViews.swift */ = {isa = PBXFileReference; includeInIndex = 1; lastKnownFileType = sourcecode.swift; path = TripViews.swift; sourceTree = "<group>"; };
/* End PBXFileReference section */

/* Begin PBXFrameworksBuildPhase section */
		28D998A8F6DE28AB2F05AAD1 /* Frameworks */ = {
			isa = PBXFrameworksBuildPhase;
			buildActionMask = 2147483647;
			files = (
				87BF11312A654A2EA6768E72 /* Foundation.framework in Frameworks */,
				5704F6C9B003FB80F5F13BF8 /* Meiro.framework in Frameworks */,
			);
			runOnlyForDeploymentPostprocessing = 0;
		};
		5D09D77F28D8F77D4DBADA8E /* Frameworks */ = {
			isa = PBXFrameworksBuildPhase;
			buildActionMask = 2147483647;
			files = (
				9487DB201FA1E99293B68836 /* Foundation.framework in Frameworks */,
			);
			runOnlyForDeploymentPostprocessing = 0;
		};
		6A26E5D32B3DD8C5CE8574D1 /* Frameworks */ = {
			isa = PBXFrameworksBuildPhase;
			buildActionMask = 2147483647;
			files = (
				D1D2F5F0FA8F587327BD2780 /* Foundation.framework in Frameworks */,
			);
			runOnlyForDeploymentPostprocessing = 0;
		};
/* End PBXFrameworksBuildPhase section */

/* Begin PBXGroup section */
		0CF5464941D0D672FEC78443 /* Resources */ = {
			isa = PBXGroup;
			children = (
				BE41141993BAB744F525DA13 /* Assets.xcassets */,
				8B4474FEB250E387121E90E5 /* aegean-beach-resort.jpg */,
				EFCAED764D2F47198F6D3163 /* bahia-suites-camp-de-mar.jpg */,
				EF075F4849C6736C5541E257 /* calimera-fido-gardens.jpg */,
				AC98BF2FAE278BD7265635B2 /* caribe-palm-resort.jpg */,
				C4BAB4C50B5AB86A73847A09 /* hotels.json */,
				DA3E9E1215877AADC9735FA2 /* island-lagoon-resort.jpg */,
				975F72BC77F6D346B6AB320E /* las-gaviotas-suites.jpg */,
				2F8A72EAA26879773B4B9863 /* lykia-coast-resort.jpg */,
				D5E7D7757EEEEFDCAFC5544B /* red-sea-garden-resort.jpg */,
				15400949C09652043E5F0092 /* sentido-fido-punta-del-mar.jpg */,
				145821B51BED2A521C35E08A /* ses-fotges.jpg */,
			);
			name = Resources;
			path = Resources;
			sourceTree = "<group>";
		};
		24BC7F0493FA7932453F5BA0 /* Frameworks */ = {
			isa = PBXGroup;
			children = (
				C4DF2C507144B8BAC4608E50 /* iOS */,
			);
			name = Frameworks;
			sourceTree = "<group>";
		};
		2DC5A1C65B91762B5FD86A0F = {
			isa = PBXGroup;
			children = (
				985D6E8ECF07BF053430FD16 /* Products */,
				24BC7F0493FA7932453F5BA0 /* Frameworks */,
				E241471FBE8680AE32039B9A /* DERTOURDemo */,
				AED7B6138792B51C559BC897 /* Meiro SDK (private dependency) */,
				F8C7151C8ED0FDFF522DDBFF /* DERTOURDemoUITests */,
			);
			sourceTree = "<group>";
		};
		985D6E8ECF07BF053430FD16 /* Products */ = {
			isa = PBXGroup;
			children = (
				2C6D0F12E607ACDFE987A806 /* DERTOURDemo.app */,
				3312D9852AA469AC786FEB58 /* Meiro.framework */,
				C5404495D33B9B2D61C6DF4B /* DERTOURDemoUITests.xctest */,
			);
			name = Products;
			sourceTree = "<group>";
		};
		AED7B6138792B51C559BC897 /* Meiro SDK (private dependency) */ = {
			isa = PBXGroup;
			children = (
				101A546F958C2497044ED24C /* APIEvent.swift */,
				071D8BD1D6125048BF60EC7C /* EventMapping.swift */,
				6B78411F4C16EE2AA5B88910 /* MeiroEventsAPI.swift */,
				552B857CA7240F3EDD066711 /* MeiroAudience.swift */,
				099573971ED90D4054FF7805 /* MeiroAudienceImpl.swift */,
				DB98EE523627B0B316BF4A8E /* MeiroAudienceURLCreator.swift */,
				4993704D4E61AB89F41894EF /* Configuration.swift */,
				0EE3C2DE829CE774D033B133 /* DefaultMeiroLogger.swift */,
				D91420D44006C144219B11C2 /* Event.swift */,
				D084E3FF4EF2FE774FFE3F71 /* Dictionary+NonNil.swift */,
				E588EAA4D3B893CE89F3CD84 /* DispatchQueue+Meiro.swift */,
				ED137363BC5F129EFE8F290B /* Formatters.swift */,
				6ED06DF92B6E97EDA94A1ABD /* NSManagedObjectContextExtensions.swift */,
				1131D473568582D6BE41F47F /* Swizzling.swift */,
				46304BDAC23A0797F03B0596 /* TimeInterval+Shortcuts.swift */,
				E16A6F08A6177C62CF47AD9E /* URLSession+Meiro.swift */,
				2190DA8A544D7E307F34583E /* InAppMessage.swift */,
				EB81C87004B86FC34888FA5B /* InAppMessageHTMLView.swift */,
				C991CC19F91A71D3885AD8CF /* InAppMessageModal.swift */,
				6BBDD6CFD37D1392B7297F98 /* InAppMessageStickyBanner.swift */,
				0623C8973DC57FEA505BC881 /* InAppMessagingClient.swift */,
				F0F335FF4574200476FE3ACE /* InAppMessagingStore.swift */,
				21DBD2DE2B06AC028903CDE5 /* MeiroInAppMessageView.swift */,
				A9B260B6389EBD65553C73C1 /* MeiroInAppMessaging.swift */,
				49382C750DC2BF66F2D82967 /* MeiroEventsImpl.swift */,
				0A7542952858606200DD7209 /* MeiroSDK.swift */,
				BE4D8BAA422A371EBBCB0F16 /* PayloadFileName.swift */,
				57A92BE80A611BE81757AC3E /* MeiroFCMMessage.swift */,
				85D54B6029DBBBD39016E6C7 /* MeiroNotificationServiceExtension.swift */,
				005374D7859BE2ED427E618D /* MeiroNotificationsImpl.swift */,
				5306D33A3B8C4773AB92AD40 /* MeiroNotificationsOff.swift */,
				35F19CA6D1A017BB310F0DB7 /* PushNotificationsConfiguration.swift */,
				4234570D8B7B67F9ABAB27AD /* UNNotificationContent+Meiro.swift */,
				34624206837180B91F8B974C /* AsyncOperation.swift */,
				58E5631BA25FAC66A804DDE2 /* ConnectionMonitor.swift */,
				47FDD2FAC091010F4866D318 /* EventDAO.swift */,
				77F4DC2979B250D55A39BC25 /* EventMO.swift */,
				2D4D72B4180F4B51EF597305 /* EventSyncOperation.swift */,
				37388EAF1E11E98936D7D10E /* MeiroEventsDB.swift */,
				87BB036CC18BCFCC9926F2A7 /* SyncManager.swift */,
				108BD461D56D0E793190F60C /* SyncWorker.swift */,
				9F3928F2FC10BF160244D354 /* MeiroPreferences.swift */,
				CFA1A3EF37AE314CC4288783 /* PreferenceData.swift */,
				9EF30D764C9E14184446CAE2 /* MeiroEvents.swift */,
				184AE3CBBBDCE4B2A4CFF050 /* MeiroLogger.swift */,
				AFF674DD29761651DC5F8068 /* MeiroNotifications.swift */,
				4A4D1519FD4226BB01BAD463 /* QueueProvider.swift */,
				D3B1213B0FC9A414616D6BA4 /* SessionManager.swift */,
				2701322A9F398278F6AEFAB3 /* SwiftUI+Meiro.swift */,
				7BF49E85836523FB6DE77002 /* URLOpener.swift */,
				9F850698D41D2F13B3FB779D /* runtime.js */,
				0A2922122D28BE67D45C2986 /* runtime.sha256 */,
				5913765D6099B7E91021534B /* PrivacyInfo.xcprivacy */,
			);
			name = "Meiro SDK (private dependency)";
			path = .build/MeiroSDK;
			sourceTree = "<group>";
		};
		C4DF2C507144B8BAC4608E50 /* iOS */ = {
			isa = PBXGroup;
			children = (
				0167123BC5C1C966B472C172 /* Foundation.framework */,
			);
			name = iOS;
			sourceTree = "<group>";
		};
		E241471FBE8680AE32039B9A /* DERTOURDemo */ = {
			isa = PBXGroup;
			children = (
				97BA0D3F4E71419DB1BBEEF0 /* AppStore.swift */,
				4BD80691F4ADB5629F286F0C /* DERTOURApp.swift */,
				95998EB259E3635C2B9F9127 /* MeiroClient.swift */,
				0D0F238B3C22813C94FF49E4 /* Models.swift */,
				FE2B91ECD05B13D3E15C80D0 /* TripViews.swift */,
				A337DF4726B9A70E47996BDF /* Views.swift */,
				0CF5464941D0D672FEC78443 /* Resources */,
			);
			name = DERTOURDemo;
			path = DERTOURDemo;
			sourceTree = "<group>";
		};
		F8C7151C8ED0FDFF522DDBFF /* DERTOURDemoUITests */ = {
			isa = PBXGroup;
			children = (
				5EA9854A3C88C41337893F62 /* JourneyTests.swift */,
			);
			name = DERTOURDemoUITests;
			path = DERTOURDemoUITests;
			sourceTree = "<group>";
		};
/* End PBXGroup section */

/* Begin PBXHeadersBuildPhase section */
		F303C91A934486187174E811 /* Headers */ = {
			isa = PBXHeadersBuildPhase;
			buildActionMask = 2147483647;
			files = (
			);
			runOnlyForDeploymentPostprocessing = 0;
		};
/* End PBXHeadersBuildPhase section */

/* Begin PBXNativeTarget section */
		5ED48B82D236BD935A4445C2 /* DERTOURDemo */ = {
			isa = PBXNativeTarget;
			buildConfigurationList = BA0A316C3B7DEADEBA2FE03A /* Build configuration list for PBXNativeTarget "DERTOURDemo" */;
			buildPhases = (
				988F2AB77D4A63A6DC2EF71A /* Sources */,
				28D998A8F6DE28AB2F05AAD1 /* Frameworks */,
				305BDE2915D831290E020DD9 /* Resources */,
				902316F9FB8DA2D5A7228097 /* Embed Frameworks */,
			);
			buildRules = (
			);
			dependencies = (
				807C75217F90D883EB261FA9 /* PBXTargetDependency */,
			);
			name = DERTOURDemo;
			productName = DERTOURDemo;
			productReference = 2C6D0F12E607ACDFE987A806 /* DERTOURDemo.app */;
			productType = "com.apple.product-type.application";
		};
		6697DD84D5E7F3A835C3A4E6 /* DERTOURDemoUITests */ = {
			isa = PBXNativeTarget;
			buildConfigurationList = A74F43D14B2E15CFB1797D51 /* Build configuration list for PBXNativeTarget "DERTOURDemoUITests" */;
			buildPhases = (
				1DA3DFB0EE245646A4FC2F86 /* Sources */,
				6A26E5D32B3DD8C5CE8574D1 /* Frameworks */,
				528548B300BDD01A381331C7 /* Resources */,
			);
			buildRules = (
			);
			dependencies = (
				24699472789EFF5C9FF0FCDD /* PBXTargetDependency */,
			);
			name = DERTOURDemoUITests;
			productName = DERTOURDemoUITests;
			productReference = C5404495D33B9B2D61C6DF4B /* DERTOURDemoUITests.xctest */;
			productType = "com.apple.product-type.bundle.ui-testing";
		};
		824A2B12BAA6E36C2BD75C76 /* Meiro */ = {
			isa = PBXNativeTarget;
			buildConfigurationList = 9C0C2574B7E01E01D9FEDD9A /* Build configuration list for PBXNativeTarget "Meiro" */;
			buildPhases = (
				F303C91A934486187174E811 /* Headers */,
				42DD797AE6B44E11E9A0D677 /* Sources */,
				5D09D77F28D8F77D4DBADA8E /* Frameworks */,
				201D2697DCAA1CDFB8ABFB7A /* Resources */,
			);
			buildRules = (
			);
			dependencies = (
			);
			name = Meiro;
			productName = Meiro;
			productReference = 3312D9852AA469AC786FEB58 /* Meiro.framework */;
			productType = "com.apple.product-type.framework";
		};
/* End PBXNativeTarget section */

/* Begin PBXProject section */
		7F6AE2BB5E78ABE82F47D37E /* Project object */ = {
			isa = PBXProject;
			attributes = {
				LastSwiftUpdateCheck = 1600;
				LastUpgradeCheck = 1600;
			};
			buildConfigurationList = 969643CC2158FDD45AC4698D /* Build configuration list for PBXProject "DERTOURDemo" */;
			compatibilityVersion = "Xcode 3.2";
			developmentRegion = en;
			hasScannedForEncodings = 0;
			knownRegions = (
				en,
				Base,
			);
			mainGroup = 2DC5A1C65B91762B5FD86A0F;
			minimizedProjectReferenceProxies = 0;
			preferredProjectObjectVersion = 77;
			productRefGroup = 985D6E8ECF07BF053430FD16 /* Products */;
			projectDirPath = "";
			projectRoot = "";
			targets = (
				5ED48B82D236BD935A4445C2 /* DERTOURDemo */,
				824A2B12BAA6E36C2BD75C76 /* Meiro */,
				6697DD84D5E7F3A835C3A4E6 /* DERTOURDemoUITests */,
			);
		};
/* End PBXProject section */

/* Begin PBXResourcesBuildPhase section */
		201D2697DCAA1CDFB8ABFB7A /* Resources */ = {
			isa = PBXResourcesBuildPhase;
			buildActionMask = 2147483647;
			files = (
				F9A3F0184F9229E037BEDA0B /* runtime.js in Resources */,
				D38EF349C34E82EAEFC79057 /* runtime.sha256 in Resources */,
				CB75F26BEF151ED94F3473FE /* PrivacyInfo.xcprivacy in Resources */,
			);
			runOnlyForDeploymentPostprocessing = 0;
		};
		305BDE2915D831290E020DD9 /* Resources */ = {
			isa = PBXResourcesBuildPhase;
			buildActionMask = 2147483647;
			files = (
				AA296E1C029CC62DD11E9040 /* Assets.xcassets in Resources */,
				F7DC2CCF78FB756E5907261F /* aegean-beach-resort.jpg in Resources */,
				DCCFD04A53E7B9C152A881AB /* bahia-suites-camp-de-mar.jpg in Resources */,
				E7F76BB28494AD1D0C589A2B /* calimera-fido-gardens.jpg in Resources */,
				ED15E4AE3279CAFD223ED669 /* caribe-palm-resort.jpg in Resources */,
				00B389DFF2144CF8382ACE2D /* hotels.json in Resources */,
				00A0D1E849F5341E55C90575 /* island-lagoon-resort.jpg in Resources */,
				F76EE3644E10838FE20A5FEC /* las-gaviotas-suites.jpg in Resources */,
				F854F939AE28E7998EDCF3A0 /* lykia-coast-resort.jpg in Resources */,
				B99A4599EA924A856E1D7B1E /* red-sea-garden-resort.jpg in Resources */,
				762C4AA5F3F2DC29810C268D /* sentido-fido-punta-del-mar.jpg in Resources */,
				FB4CE613BE8566ECB3364C4B /* ses-fotges.jpg in Resources */,
			);
			runOnlyForDeploymentPostprocessing = 0;
		};
		528548B300BDD01A381331C7 /* Resources */ = {
			isa = PBXResourcesBuildPhase;
			buildActionMask = 2147483647;
			files = (
			);
			runOnlyForDeploymentPostprocessing = 0;
		};
/* End PBXResourcesBuildPhase section */

/* Begin PBXSourcesBuildPhase section */
		1DA3DFB0EE245646A4FC2F86 /* Sources */ = {
			isa = PBXSourcesBuildPhase;
			buildActionMask = 2147483647;
			files = (
				F8B3466BB19C181AB38A24D1 /* JourneyTests.swift in Sources */,
			);
			runOnlyForDeploymentPostprocessing = 0;
		};
		42DD797AE6B44E11E9A0D677 /* Sources */ = {
			isa = PBXSourcesBuildPhase;
			buildActionMask = 2147483647;
			files = (
				61647BE3B611CEF04D0C81DC /* APIEvent.swift in Sources */,
				4714CF43329A3DA58B82B0BA /* EventMapping.swift in Sources */,
				27682851A0DD5A5D79C56CA2 /* MeiroEventsAPI.swift in Sources */,
				21E515F2DFD32B86687B5D16 /* MeiroAudience.swift in Sources */,
				4AD10651829E7CC25D37892D /* MeiroAudienceImpl.swift in Sources */,
				DA2055952CB738CDDF53A7A0 /* MeiroAudienceURLCreator.swift in Sources */,
				192930C0A00BB78359AE40CF /* Configuration.swift in Sources */,
				930E912E35DA13C02E4AB619 /* DefaultMeiroLogger.swift in Sources */,
				E954C23D244AAE2E9D744E4F /* Event.swift in Sources */,
				D90F88B4980F8F0737F7B504 /* Dictionary+NonNil.swift in Sources */,
				5A81908C2D94C9F55062F834 /* DispatchQueue+Meiro.swift in Sources */,
				5B613109F035DB3791EE931D /* Formatters.swift in Sources */,
				99201E96D94D80F9F4D16629 /* NSManagedObjectContextExtensions.swift in Sources */,
				4A6736860F4BFF3231E0E5F5 /* Swizzling.swift in Sources */,
				0E409736B9B119D311261BA8 /* TimeInterval+Shortcuts.swift in Sources */,
				E3522D5F97E9558AA2E9A45F /* URLSession+Meiro.swift in Sources */,
				FE03A00FEE475CDE53DB87AA /* InAppMessage.swift in Sources */,
				55A49A5E5C447CA0D3B502C4 /* InAppMessageHTMLView.swift in Sources */,
				6D65AFB5D89D8B7C8BE18B06 /* InAppMessageModal.swift in Sources */,
				38F1423C165B1F6A443A14BC /* InAppMessageStickyBanner.swift in Sources */,
				9B5B9B7CEE2A26F0F04D092D /* InAppMessagingClient.swift in Sources */,
				1A5DA4843DAC3C0B6B4CE4E3 /* InAppMessagingStore.swift in Sources */,
				A86087BF8396C64687526660 /* MeiroInAppMessageView.swift in Sources */,
				4B334DC91CA17EABD1D66C6B /* MeiroInAppMessaging.swift in Sources */,
				A3249CF83B4C43DEBA7E6C71 /* MeiroEventsImpl.swift in Sources */,
				38F6500B91F99B6217160268 /* MeiroSDK.swift in Sources */,
				317D78995324135E87DEA175 /* PayloadFileName.swift in Sources */,
				0389D8072D60D1E542A6E051 /* MeiroFCMMessage.swift in Sources */,
				7DF5E8239033155420E08FEF /* MeiroNotificationServiceExtension.swift in Sources */,
				04F717D83ADBDCBDE5CBE831 /* MeiroNotificationsImpl.swift in Sources */,
				8B534E561BEC78FEECC60CFE /* MeiroNotificationsOff.swift in Sources */,
				2F57A6AF89154C9644296835 /* PushNotificationsConfiguration.swift in Sources */,
				B0131B05B4DE78FB37B84252 /* UNNotificationContent+Meiro.swift in Sources */,
				C515EF50EA12EB15097625B7 /* AsyncOperation.swift in Sources */,
				899BD60118273636A9FAD611 /* ConnectionMonitor.swift in Sources */,
				CA0F3F12C55A4DDDE9CE49DB /* EventDAO.swift in Sources */,
				F4495995547F7FC6FEA7E8D9 /* EventMO.swift in Sources */,
				50B85361A68157A5F8CAEAF6 /* EventSyncOperation.swift in Sources */,
				C0FDCA1BC790CAC74D1446F5 /* MeiroEventsDB.swift in Sources */,
				1154F3755B6039E49E64BF6B /* SyncManager.swift in Sources */,
				2D4E5DC1867C4A2993CC1D18 /* SyncWorker.swift in Sources */,
				B643A05D6AC6A7CFA0D4CA34 /* MeiroPreferences.swift in Sources */,
				F34CB43C2627FE411BDFA887 /* PreferenceData.swift in Sources */,
				C5F2969CBA977C8BF00570FB /* MeiroEvents.swift in Sources */,
				1DA2E5BF9CB7B313E646CE1C /* MeiroLogger.swift in Sources */,
				E894299BEDCAF6ABDED61680 /* MeiroNotifications.swift in Sources */,
				60AF4CA45AC02D6ACE78393A /* QueueProvider.swift in Sources */,
				0DFFCD9DFF6F277759B1E6CA /* SessionManager.swift in Sources */,
				E95CE696D4CC8942C871EE7E /* SwiftUI+Meiro.swift in Sources */,
				2C7171FEAA0C9F1BC29F516B /* URLOpener.swift in Sources */,
			);
			runOnlyForDeploymentPostprocessing = 0;
		};
		988F2AB77D4A63A6DC2EF71A /* Sources */ = {
			isa = PBXSourcesBuildPhase;
			buildActionMask = 2147483647;
			files = (
				A291107CE03A21743611A11F /* AppStore.swift in Sources */,
				F88B50C92400DC5780698854 /* DERTOURApp.swift in Sources */,
				BD310AA0D0014DDFE8CDCAA1 /* MeiroClient.swift in Sources */,
				BD3CF461E1A0801667482AE7 /* Models.swift in Sources */,
				356F566A519BAC6C30E54A66 /* TripViews.swift in Sources */,
				49C065FF2F8C9AB792539214 /* Views.swift in Sources */,
			);
			runOnlyForDeploymentPostprocessing = 0;
		};
/* End PBXSourcesBuildPhase section */

/* Begin PBXTargetDependency section */
		24699472789EFF5C9FF0FCDD /* PBXTargetDependency */ = {
			isa = PBXTargetDependency;
			name = DERTOURDemo;
			target = 5ED48B82D236BD935A4445C2 /* DERTOURDemo */;
			targetProxy = 8DAC4DDADB9736EDED0C4FB9 /* PBXContainerItemProxy */;
		};
		807C75217F90D883EB261FA9 /* PBXTargetDependency */ = {
			isa = PBXTargetDependency;
			name = Meiro;
			target = 824A2B12BAA6E36C2BD75C76 /* Meiro */;
			targetProxy = 94424493CFFD2566EA9DD81C /* PBXContainerItemProxy */;
		};
/* End PBXTargetDependency section */

/* Begin XCBuildConfiguration section */
		0A0697590930FE1FC97CBB82 /* Debug */ = {
			isa = XCBuildConfiguration;
			buildSettings = {
				ALWAYS_SEARCH_USER_PATHS = NO;
				CLANG_ANALYZER_NONNULL = YES;
				CLANG_ANALYZER_NUMBER_OBJECT_CONVERSION = YES_AGGRESSIVE;
				CLANG_CXX_LANGUAGE_STANDARD = "gnu++14";
				CLANG_CXX_LIBRARY = "libc++";
				CLANG_ENABLE_MODULES = YES;
				CLANG_ENABLE_OBJC_ARC = YES;
				CLANG_ENABLE_OBJC_WEAK = YES;
				CLANG_WARN_BLOCK_CAPTURE_AUTORELEASING = YES;
				CLANG_WARN_BOOL_CONVERSION = YES;
				CLANG_WARN_COMMA = YES;
				CLANG_WARN_CONSTANT_CONVERSION = YES;
				CLANG_WARN_DEPRECATED_OBJC_IMPLEMENTATIONS = YES;
				CLANG_WARN_DIRECT_OBJC_ISA_USAGE = YES_ERROR;
				CLANG_WARN_DOCUMENTATION_COMMENTS = YES;
				CLANG_WARN_EMPTY_BODY = YES;
				CLANG_WARN_ENUM_CONVERSION = YES;
				CLANG_WARN_INFINITE_RECURSION = YES;
				CLANG_WARN_INT_CONVERSION = YES;
				CLANG_WARN_NON_LITERAL_NULL_CONVERSION = YES;
				CLANG_WARN_OBJC_IMPLICIT_RETAIN_SELF = YES;
				CLANG_WARN_OBJC_LITERAL_CONVERSION = YES;
				CLANG_WARN_OBJC_ROOT_CLASS = YES_ERROR;
				CLANG_WARN_QUOTED_INCLUDE_IN_FRAMEWORK_HEADER = YES;
				CLANG_WARN_RANGE_LOOP_ANALYSIS = YES;
				CLANG_WARN_STRICT_PROTOTYPES = YES;
				CLANG_WARN_SUSPICIOUS_MOVE = YES;
				CLANG_WARN_UNGUARDED_AVAILABILITY = YES_AGGRESSIVE;
				CLANG_WARN_UNREACHABLE_CODE = YES;
				CLANG_WARN__DUPLICATE_METHOD_MATCH = YES;
				COPY_PHASE_STRIP = NO;
				DEBUG_INFORMATION_FORMAT = dwarf;
				ENABLE_STRICT_OBJC_MSGSEND = YES;
				ENABLE_TESTABILITY = YES;
				GCC_C_LANGUAGE_STANDARD = gnu11;
				GCC_DYNAMIC_NO_PIC = NO;
				GCC_NO_COMMON_BLOCKS = YES;
				GCC_OPTIMIZATION_LEVEL = 0;
				GCC_PREPROCESSOR_DEFINITIONS = (
					"DEBUG=1",
					"$(inherited)",
				);
				GCC_WARN_64_TO_32_BIT_CONVERSION = YES;
				GCC_WARN_ABOUT_RETURN_TYPE = YES_ERROR;
				GCC_WARN_UNDECLARED_SELECTOR = YES;
				GCC_WARN_UNINITIALIZED_AUTOS = YES_AGGRESSIVE;
				GCC_WARN_UNUSED_FUNCTION = YES;
				GCC_WARN_UNUSED_VARIABLE = YES;
				MTL_ENABLE_DEBUG_INFO = INCLUDE_SOURCE;
				MTL_FAST_MATH = YES;
				ONLY_ACTIVE_ARCH = YES;
				PRODUCT_NAME = "$(TARGET_NAME)";
				SWIFT_ACTIVE_COMPILATION_CONDITIONS = DEBUG;
				SWIFT_OPTIMIZATION_LEVEL = "-Onone";
				SWIFT_VERSION = 5.0;
			};
			name = Debug;
		};
		128667843B5D0E41B50671E0 /* Debug */ = {
			isa = XCBuildConfiguration;
			buildSettings = {
				CLANG_ENABLE_OBJC_WEAK = NO;
				CODE_SIGNING_ALLOWED = NO;
				CURRENT_PROJECT_VERSION = 1;
				DEFINES_MODULE = YES;
				DYLIB_COMPATIBILITY_VERSION = 1;
				DYLIB_CURRENT_VERSION = 1;
				DYLIB_INSTALL_NAME_BASE = "@rpath";
				GENERATE_INFOPLIST_FILE = YES;
				INSTALL_PATH = "$(LOCAL_LIBRARY_DIR)/Frameworks";
				IPHONEOS_DEPLOYMENT_TARGET = 17.0;
				LD_RUNPATH_SEARCH_PATHS = "$(inherited) @executable_path/Frameworks @loader_path/Frameworks";
				MARKETING_VERSION = 1.1.1;
				PRODUCT_BUNDLE_IDENTIFIER = io.meiro.sdk;
				PRODUCT_NAME = "$(TARGET_NAME:c99extidentifier)";
				SDKROOT = iphoneos;
				SKIP_INSTALL = YES;
				SWIFT_VERSION = 5.0;
				TARGETED_DEVICE_FAMILY = "1,2";
				VERSIONING_SYSTEM = "apple-generic";
				VERSION_INFO_PREFIX = "";
			};
			name = Debug;
		};
		20B6F0972FC687FA9F61C55E /* Debug */ = {
			isa = XCBuildConfiguration;
			buildSettings = {
				ASSETCATALOG_COMPILER_APPICON_NAME = AppIcon;
				ASSETCATALOG_COMPILER_GLOBAL_ACCENT_COLOR_NAME = AccentColor;
				CLANG_ENABLE_OBJC_WEAK = NO;
				CODE_SIGN_STYLE = Automatic;
				GENERATE_INFOPLIST_FILE = NO;
				INFOPLIST_FILE = Info.plist;
				IPHONEOS_DEPLOYMENT_TARGET = 17.0;
				LD_RUNPATH_SEARCH_PATHS = "$(inherited) @executable_path/Frameworks";
				PRODUCT_BUNDLE_IDENTIFIER = de.dertour.demo;
				PRODUCT_NAME = DERTOURDemo;
				SDKROOT = iphoneos;
				SWIFT_ACTIVE_COMPILATION_CONDITIONS = "$(inherited) MEIRO_IN_APP";
				SWIFT_VERSION = 5.0;
				TARGETED_DEVICE_FAMILY = 1;
			};
			name = Debug;
		};
		72889FEFA7FA369E4D9D9AFF /* Release */ = {
			isa = XCBuildConfiguration;
			buildSettings = {
				CLANG_ENABLE_OBJC_WEAK = NO;
				CODE_SIGNING_ALLOWED = NO;
				CURRENT_PROJECT_VERSION = 1;
				DEFINES_MODULE = YES;
				DYLIB_COMPATIBILITY_VERSION = 1;
				DYLIB_CURRENT_VERSION = 1;
				DYLIB_INSTALL_NAME_BASE = "@rpath";
				GENERATE_INFOPLIST_FILE = YES;
				INSTALL_PATH = "$(LOCAL_LIBRARY_DIR)/Frameworks";
				IPHONEOS_DEPLOYMENT_TARGET = 17.0;
				LD_RUNPATH_SEARCH_PATHS = "$(inherited) @executable_path/Frameworks @loader_path/Frameworks";
				MARKETING_VERSION = 1.1.1;
				PRODUCT_BUNDLE_IDENTIFIER = io.meiro.sdk;
				PRODUCT_NAME = "$(TARGET_NAME:c99extidentifier)";
				SDKROOT = iphoneos;
				SKIP_INSTALL = YES;
				SWIFT_VERSION = 5.0;
				TARGETED_DEVICE_FAMILY = "1,2";
				VALIDATE_PRODUCT = YES;
				VERSIONING_SYSTEM = "apple-generic";
				VERSION_INFO_PREFIX = "";
			};
			name = Release;
		};
		ADE667ADBE84C5F692BCF782 /* Debug */ = {
			isa = XCBuildConfiguration;
			buildSettings = {
				CLANG_ENABLE_OBJC_WEAK = NO;
				CODE_SIGN_STYLE = Automatic;
				GENERATE_INFOPLIST_FILE = YES;
				IPHONEOS_DEPLOYMENT_TARGET = 17.0;
				PRODUCT_BUNDLE_IDENTIFIER = de.dertour.demo.uitests;
				SDKROOT = iphoneos;
				SWIFT_VERSION = 5.0;
				TEST_TARGET_NAME = DERTOURDemo;
			};
			name = Debug;
		};
		B092A58BF1151E9B2A36AD7C /* Release */ = {
			isa = XCBuildConfiguration;
			buildSettings = {
				CLANG_ENABLE_OBJC_WEAK = NO;
				CODE_SIGN_STYLE = Automatic;
				GENERATE_INFOPLIST_FILE = YES;
				IPHONEOS_DEPLOYMENT_TARGET = 17.0;
				PRODUCT_BUNDLE_IDENTIFIER = de.dertour.demo.uitests;
				SDKROOT = iphoneos;
				SWIFT_VERSION = 5.0;
				TEST_TARGET_NAME = DERTOURDemo;
				VALIDATE_PRODUCT = YES;
			};
			name = Release;
		};
		DE7BADC6361B9754E4FDBDF5 /* Release */ = {
			isa = XCBuildConfiguration;
			buildSettings = {
				ALWAYS_SEARCH_USER_PATHS = NO;
				CLANG_ANALYZER_NONNULL = YES;
				CLANG_ANALYZER_NUMBER_OBJECT_CONVERSION = YES_AGGRESSIVE;
				CLANG_CXX_LANGUAGE_STANDARD = "gnu++14";
				CLANG_CXX_LIBRARY = "libc++";
				CLANG_ENABLE_MODULES = YES;
				CLANG_ENABLE_OBJC_ARC = YES;
				CLANG_ENABLE_OBJC_WEAK = YES;
				CLANG_WARN_BLOCK_CAPTURE_AUTORELEASING = YES;
				CLANG_WARN_BOOL_CONVERSION = YES;
				CLANG_WARN_COMMA = YES;
				CLANG_WARN_CONSTANT_CONVERSION = YES;
				CLANG_WARN_DEPRECATED_OBJC_IMPLEMENTATIONS = YES;
				CLANG_WARN_DIRECT_OBJC_ISA_USAGE = YES_ERROR;
				CLANG_WARN_DOCUMENTATION_COMMENTS = YES;
				CLANG_WARN_EMPTY_BODY = YES;
				CLANG_WARN_ENUM_CONVERSION = YES;
				CLANG_WARN_INFINITE_RECURSION = YES;
				CLANG_WARN_INT_CONVERSION = YES;
				CLANG_WARN_NON_LITERAL_NULL_CONVERSION = YES;
				CLANG_WARN_OBJC_IMPLICIT_RETAIN_SELF = YES;
				CLANG_WARN_OBJC_LITERAL_CONVERSION = YES;
				CLANG_WARN_OBJC_ROOT_CLASS = YES_ERROR;
				CLANG_WARN_QUOTED_INCLUDE_IN_FRAMEWORK_HEADER = YES;
				CLANG_WARN_RANGE_LOOP_ANALYSIS = YES;
				CLANG_WARN_STRICT_PROTOTYPES = YES;
				CLANG_WARN_SUSPICIOUS_MOVE = YES;
				CLANG_WARN_UNGUARDED_AVAILABILITY = YES_AGGRESSIVE;
				CLANG_WARN_UNREACHABLE_CODE = YES;
				CLANG_WARN__DUPLICATE_METHOD_MATCH = YES;
				COPY_PHASE_STRIP = NO;
				DEBUG_INFORMATION_FORMAT = "dwarf-with-dsym";
				ENABLE_NS_ASSERTIONS = NO;
				ENABLE_STRICT_OBJC_MSGSEND = YES;
				GCC_C_LANGUAGE_STANDARD = gnu11;
				GCC_NO_COMMON_BLOCKS = YES;
				GCC_WARN_64_TO_32_BIT_CONVERSION = YES;
				GCC_WARN_ABOUT_RETURN_TYPE = YES_ERROR;
				GCC_WARN_UNDECLARED_SELECTOR = YES;
				GCC_WARN_UNINITIALIZED_AUTOS = YES_AGGRESSIVE;
				GCC_WARN_UNUSED_FUNCTION = YES;
				GCC_WARN_UNUSED_VARIABLE = YES;
				MTL_ENABLE_DEBUG_INFO = NO;
				MTL_FAST_MATH = YES;
				PRODUCT_NAME = "$(TARGET_NAME)";
				SWIFT_COMPILATION_MODE = wholemodule;
				SWIFT_OPTIMIZATION_LEVEL = "-O";
				SWIFT_VERSION = 5.0;
			};
			name = Release;
		};
		E21A122464E22487A12EE3A4 /* Release */ = {
			isa = XCBuildConfiguration;
			buildSettings = {
				ASSETCATALOG_COMPILER_APPICON_NAME = AppIcon;
				ASSETCATALOG_COMPILER_GLOBAL_ACCENT_COLOR_NAME = AccentColor;
				CLANG_ENABLE_OBJC_WEAK = NO;
				CODE_SIGN_STYLE = Automatic;
				GENERATE_INFOPLIST_FILE = NO;
				INFOPLIST_FILE = Info.plist;
				IPHONEOS_DEPLOYMENT_TARGET = 17.0;
				LD_RUNPATH_SEARCH_PATHS = "$(inherited) @executable_path/Frameworks";
				PRODUCT_BUNDLE_IDENTIFIER = de.dertour.demo;
				PRODUCT_NAME = DERTOURDemo;
				SDKROOT = iphoneos;
				SWIFT_ACTIVE_COMPILATION_CONDITIONS = "$(inherited) MEIRO_IN_APP";
				SWIFT_VERSION = 5.0;
				TARGETED_DEVICE_FAMILY = 1;
				VALIDATE_PRODUCT = YES;
			};
			name = Release;
		};
/* End XCBuildConfiguration section */

/* Begin XCConfigurationList section */
		969643CC2158FDD45AC4698D /* Build configuration list for PBXProject "DERTOURDemo" */ = {
			isa = XCConfigurationList;
			buildConfigurations = (
				0A0697590930FE1FC97CBB82 /* Debug */,
				DE7BADC6361B9754E4FDBDF5 /* Release */,
			);
			defaultConfigurationIsVisible = 0;
			defaultConfigurationName = Release;
		};
		9C0C2574B7E01E01D9FEDD9A /* Build configuration list for PBXNativeTarget "Meiro" */ = {
			isa = XCConfigurationList;
			buildConfigurations = (
				72889FEFA7FA369E4D9D9AFF /* Release */,
				128667843B5D0E41B50671E0 /* Debug */,
			);
			defaultConfigurationIsVisible = 0;
			defaultConfigurationName = Release;
		};
		A74F43D14B2E15CFB1797D51 /* Build configuration list for PBXNativeTarget "DERTOURDemoUITests" */ = {
			isa = XCConfigurationList;
			buildConfigurations = (
				B092A58BF1151E9B2A36AD7C /* Release */,
				ADE667ADBE84C5F692BCF782 /* Debug */,
			);
			defaultConfigurationIsVisible = 0;
			defaultConfigurationName = Release;
		};
		BA0A316C3B7DEADEBA2FE03A /* Build configuration list for PBXNativeTarget "DERTOURDemo" */ = {
			isa = XCConfigurationList;
			buildConfigurations = (
				E21A122464E22487A12EE3A4 /* Release */,
				20B6F0972FC687FA9F61C55E /* Debug */,
			);
			defaultConfigurationIsVisible = 0;
			defaultConfigurationName = Release;
		};
/* End XCConfigurationList section */
	};
	rootObject = 7F6AE2BB5E78ABE82F47D37E /* Project object */;
}
